// !$*UTF8*$!
{
	archiveVersion = 1;
	classes = {
	};
	objectVersion = 46;
	objects = {

/* Begin PBXBuildFile section */
		3E5BC3981C649420005B4DEF /* AppDelegate.swift in Sources */ = {isa = PBXBuildFile; fileRef = 3E5BC3971C649420005B4DEF /* AppDelegate.swift */; };
		3E5BC39A1C649420005B4DEF /* ViewController.swift in Sources */ = {isa = PBXBuildFile; fileRef = 3E5BC3991C649420005B4DEF /* ViewController.swift */; };
		3E5BC39D1C649420005B4DEF /* Main.storyboard in Resources */ = {isa = PBXBuildFile; fileRef = 3E5BC39B1C649420005B4DEF /* Main.storyboard */; };
		3E5BC39F1C649420005B4DEF /* Assets.xcassets in Resources */ = {isa = PBXBuildFile; fileRef = 3E5BC39E1C649420005B4DEF /* Assets.xcassets */; };
		3E5BC3A21C649420005B4DEF /* LaunchScreen.storyboard in Resources */ = {isa = PBXBuildFile; fileRef = 3E5BC3A01C649420005B4DEF /* LaunchScreen.storyboard */; };
		3E5BC3AA1C64FA69005B4DEF /* MetaBallFilter.swift in Sources */ = {isa = PBXBuildFile; fileRef = 3E5BC3A91C64FA69005B4DEF /* MetaBallFilter.swift */; };
/* End PBXBuildFile section */

/* Begin PBXFileReference section */
		3E5BC3941C649420005B4DEF /* SpriteKitMotionBlur.app */ = {isa = PBXFileReference; explicitFileType = wrapper.application; includeInIndex = 0; path = SpriteKitMotionBlur.app; sourceTree = BUILT_PRODUCTS_DIR; };
		3E5BC3971C649420005B4DEF /* AppDelegate.swift */ = {isa = PBXFileReference; lastKnownFileType = sourcecode.swift; path = AppDelegate.swift; sourceTree = "<group>"; };
		3E5BC3991C649420005B4DEF /* ViewController.swift */ = {isa = PBXFileReference; lastKnownFileType = sourcecode.swift; path = ViewController.swift; sourceTree = "<group>"; };
		3E5BC39C1C649420005B4DEF /* Base */ = {isa = PBXFileReference; lastKnownFileType = file.storyboard; name = Base; path = Base.lproj/Main.storyboard; sourceTree = "<group>"; };
		3E5BC39E1C649420005B4DEF /* Assets.xcassets */ = {isa = PBXFileReference; lastKnownFileType = folder.assetcatalog; path = Assets.xcassets; sourceTree = "<group>"; };
		3E5BC3A11C649420005B4DEF /* Base */ = {isa = PBXFileReference; lastKnownFileType = file.storyboard; name = Base; path = Base.lproj/LaunchScreen.storyboard; sourceTree = "<group>"; };
		3E5BC3A31C649420005B4DEF /* Info.plist */ = {isa = PBXFileReference; lastKnownFileType = text.plist.xml; path = Info.plist; sourceTree = "<group>"; };
		3E5BC3A91C64FA69005B4DEF /* MetaBallFilter.swift */ = {isa = PBXFileReference; fileEncoding = 4; lastKnownFileType = sourcecode.swift; path = MetaBallFilter.swift; sourceTree = "<group>"; };
/* End PBXFileReference section */

/* Begin PBXFrameworksBuildPhase section */
		3E5BC3911C649420005B4DEF /* Frameworks */ = {
			isa = PBXFrameworksBuildPhase;
			buildActionMask = 2147483647;
			files = (
			);
			runOnlyForDeploymentPostprocessing = 0;
		};
/* End PBXFrameworksBuildPhase section */

/* Begin PBXGroup section */
		3E5BC38B1C649420005B4DEF = {
			isa = PBXGroup;
			children = (
				3E5BC3961C649420005B4DEF /* SpriteKitMotionBlur */,
				3E5BC3951C649420005B4DEF /* Products */,
			);
			sourceTree = "<group>";
		};
		3E5BC3951C649420005B4DEF /* Products */ = {
			isa = PBXGroup;
			children = (
				3E5BC3941C649420005B4DEF /* SpriteKitMotionBlur.app */,
			);
			name = Products;
			sourceTree = "<group>";
		};
		3E5BC3961C649420005B4DEF /* SpriteKitMotionBlur */ = {
			isa = PBXGroup;
			children = (
				3E5BC3971C649420005B4DEF /* AppDelegate.swift */,
				3E5BC3991C649420005B4DEF /* ViewController.swift */,
				3E5BC39B1C649420005B4DEF /* Main.storyboard */,
				3E5BC39E1C649420005B4DEF /* Assets.xcassets */,
				3E5BC3A01C649420005B4DEF /* LaunchScreen.storyboard */,
				3E5BC3A31C649420005B4DEF /* Info.plist */,
				3E5BC3A91C64FA69005B4DEF /* MetaBallFilter.swift */,
			);
			path = SpriteKitMotionBlur;
			sourceTree = "<group>";
		};
/* End PBXGroup section */

/* Begin PBXNativeTarget section */
		3E5BC3931C649420005B4DEF /* SpriteKitMotionBlur */ = {
			isa = PBXNativeTarget;
			buildConfigurationList = 3E5BC3A61C649420005B4DEF /* Build configuration list for PBXNativeTarget "SpriteKitMotionBlur" */;
			buildPhases = (
				3E5BC3901C649420005B4DEF /* Sources */,
				3E5BC3911C649420005B4DEF /* Frameworks */,
				3E5BC3921C649420005B4DEF /* Resources */,
			);
			buildRules = (
			);
			dependencies = (
			);
			name = SpriteKitMotionBlur;
			productName = SpriteKitMotionBlur;
			productReference = 3E5BC3941C649420005B4DEF /* SpriteKitMotionBlur.app */;
			productType = "com.apple.product-type.application";
		};
/* End PBXNativeTarget section */

/* Begin PBXProject section */
		3E5BC38C1C649420005B4DEF /* Project object */ = {
			isa = PBXProject;
			attributes = {
				LastSwiftUpdateCheck = 0720;
				LastUpgradeCheck = 0720;
				ORGANIZATIONNAME = "Simon Gladman";
				TargetAttributes = {
					3E5BC3931C649420005B4DEF = {
						CreatedOnToolsVersion = 7.2.1;
					};
				};
			};
			buildConfigurationList = 3E5BC38F1C649420005B4DEF /* Build configuration list for PBXProject "SpriteKitMotionBlur" */;
			compatibilityVersion = "Xcode 3.2";
			developmentRegion = English;
			hasScannedForEncodings = 0;
			knownRegions = (
				en,
				Base,
			);
			mainGroup = 3E5BC38B1C649420005B4DEF;
			productRefGroup = 3E5BC3951C649420005B4DEF /* Products */;
			projectDirPath = "";
			projectRoot = "";
			targets = (
				3E5BC3931C649420005B4DEF /* SpriteKitMotionBlur */,
			);
		};
/* End PBXProject section */

/* Begin PBXResourcesBuildPhase section */
		3E5BC3921C649420005B4DEF /* Resources */ = {
			isa = PBXResourcesBuildPhase;
			buildActionMask = 2147483647;
			files = (
				3E5BC3A21C649420005B4DEF /* LaunchScreen.storyboard in Resources */,
				3E5BC39F1C649420005B4DEF /* Assets.xcassets in Resources */,
				3E5BC39D1C649420005B4DEF /* Main.storyboard in Resources */,
			);
			runOnlyForDeploymentPostprocessing = 0;
		};
/* End PBXResourcesBuildPhase section */

/* Begin PBXSourcesBuildPhase section */
		3E5BC3901C649420005B4DEF /* Sources */ = {
			isa = PBXSourcesBuildPhase;
			buildActionMask = 2147483647;
			files = (
				3E5BC39A1C649420005B4DEF /* ViewController.swift in Sources */,
				3E5BC3AA1C64FA69005B4DEF /* MetaBallFilter.swift in Sources */,
				3E5BC3981C649420005B4DEF /* AppDelegate.swift in Sources */,
			);
			runOnlyForDeploymentPostprocessing = 0;
		};
/* End PBXSourcesBuildPhase section */

/* Begin PBXVariantGroup section */
		3E5BC39B1C649420005B4DEF /* Main.storyboard */ = {
			isa = PBXVariantGroup;
			children = (
				3E5BC39C1C649420005B4DEF /* Base */,
			);
			name = Main.storyboard;
			sourceTree = "<group>";
		};
		3E5BC3A01C649420005B4DEF /* LaunchScreen.storyboard */ = {
			isa = PBXVariantGroup;
			children = (
				3E5BC3A11C649420005B4DEF /* Base */,
			);
			name = LaunchScreen.storyboard;
			sourceTree = "<group>";
		};
/* End PBXVariantGroup section */

/* Begin XCBuildConfiguration section */
		3E5BC3A41C649420005B4DEF /* Debug */ = {
			isa = XCBuildConfiguration;
			buildSettings = {
				ALWAYS_SEARCH_USER_PATHS = NO;
				CLANG_CXX_LANGUAGE_STANDARD = "gnu++0x";
				CLANG_CXX_LIBRARY = "libc++";
				CLANG_ENABLE_MODULES = YES;
				CLANG_ENABLE_OBJC_ARC = YES;
				CLANG_WARN_BOOL_CONVERSION = YES;
				CLANG_WARN_CONSTANT_CONVERSION = YES;
				CLANG_WARN_DIRECT_OBJC_ISA_USAGE = YES_ERROR;
				CLANG_WARN_EMPTY_BODY = YES;
				CLANG_WARN_ENUM_CONVERSION = YES;
				CLANG_WARN_INT_CONVERSION = YES;
				CLANG_WARN_OBJC_ROOT_CLASS = YES_ERROR;
				CLANG_WARN_UNREACHABLE_CODE = YES;
				CLANG_WARN__DUPLICATE_METHOD_MATCH = YES;
				"CODE_SIGN_IDENTITY[sdk=iphoneos*]" = "iPhone Developer";
				COPY_PHASE_STRIP = NO;
				DEBUG_INFORMATION_FORMAT = dwarf;
				ENABLE_STRICT_OBJC_MSGSEND = YES;
				ENABLE_TESTABILITY = YES;
				GCC_C_LANGUAGE_STANDARD = gnu99;
				GCC_DYNAMIC_NO_PIC = NO;
				GCC_NO_COMMON_BLOCKS = YES;
				GCC_OPTIMIZATION_LEVEL = 0;
				GCC_PREPROCESSOR_DEFINITIONS = (
					"DEBUG=1",
					"$(inherited)",
				);
				GCC_WARN_64_TO_32_BIT_CONVERSION = YES;
				GCC_WARN_ABOUT_RETURN_TYPE = YES_ERROR;
				GCC_WARN_UNDECLARED_SELECTOR = YES;
				GCC_WARN_UNINITIALIZED_AUTOS = YES_AGGRESSIVE;
				GCC_WARN_UNUSED_FUNCTION = YES;
				GCC_WARN_UNUSED_VARIABLE = YES;
				IPHONEOS_DEPLOYMENT_TARGET = 9.2;
				MTL_ENABLE_DEBUG_INFO = YES;
				ONLY_ACTIVE_ARCH = YES;
				SDKROOT = iphoneos;
				SWIFT_OPTIMIZATION_LEVEL = "-Onone";
				TARGETED_DEVICE_FAMILY = 2;
			};
			name = Debug;
		};
		3E5BC3A51C649420005B4DEF /* Release */ = {
			isa = XCBuildConfiguration;
			buildSettings = {
				ALWAYS_SEARCH_USER_PATHS = NO;
				CLANG_CXX_LANGUAGE_STANDARD = "gnu++0x";
				CLANG_CXX_LIBRARY = "libc++";
				CLANG_ENABLE_MODULES = YES;
				CLANG_ENABLE_OBJC_ARC = YES;
				CLANG_WARN_BOOL_CONVERSION = YES;
				CLANG_WARN_CONSTANT_CONVERSION = YES;
				CLANG_WARN_DIRECT_OBJC_ISA_USAGE = YES_ERROR;
				CLANG_WARN_EMPTY_BODY = YES;
				CLANG_WARN_ENUM_CONVERSION = YES;
				CLANG_WARN_INT_CONVERSION = YES;
				CLANG_WARN_OBJC_ROOT_CLASS = YES_ERROR;
				CLANG_WARN_UNREACHABLE_CODE = YES;
				CLANG_WARN__DUPLICATE_METHOD_MATCH = YES;
				"CODE_SIGN_IDENTITY[sdk=iphoneos*]" = "iPhone Developer";
				COPY_PHASE_STRIP = NO;
				DEBUG_INFORMATION_FORMAT = "dwarf-with-dsym";
				ENABLE_NS_ASSERTIONS = NO;
				ENABLE_STRICT_OBJC_MSGSEND = YES;
				GCC_C_LANGUAGE_STANDARD = gnu99;
				GCC_NO_COMMON_BLOCKS = YES;
				GCC_WARN_64_TO_32_BIT_CONVERSION = YES;
				GCC_WARN_ABOUT_RETURN_TYPE = YES_ERROR;
				GCC_WARN_UNDECLARED_SELECTOR = YES;
				GCC_WARN_UNINITIALIZED_AUTOS = YES_AGGRESSIVE;
				GCC_WARN_UNUSED_FUNCTION = YES;
				GCC_WARN_UNUSED_VARIABLE = YES;
				IPHONEOS_DEPLOYMENT_TARGET = 9.2;
				MTL_ENABLE_DEBUG_INFO = NO;
				SDKROOT = iphoneos;
				TARGETED_DEVICE_FAMILY = 2;
				VALIDATE_PRODUCT = YES;
			};
			name = Release;
		};
		3E5BC3A71C649420005B4DEF /* Debug */ = {
			isa = XCBuildConfiguration;
			buildSettings = {
				ASSETCATALOG_COMPILER_APPICON_NAME = AppIcon;
				INFOPLIST_FILE = SpriteKitMotionBlur/Info.plist;
				LD_RUNPATH_SEARCH_PATHS = "$(inherited) @executable_path/Frameworks";
				PRODUCT_BUNDLE_IDENTIFIER = uk.co.flexmonkey.SpriteKitMotionBlur;
				PRODUCT_NAME = "$(TARGET_NAME)";
			};
			name = Debug;
		};
		3E5BC3A81C649420005B4DEF /* Release */ = {
			isa = XCBuildConfiguration;
			buildSettings = {
				ASSETCATALOG_COMPILER_APPICON_NAME = AppIcon;
				INFOPLIST_FILE = SpriteKitMotionBlur/Info.plist;
				LD_RUNPATH_SEARCH_PATHS = "$(inherited) @executable_path/Frameworks";
				PRODUCT_BUNDLE_IDENTIFIER = uk.co.flexmonkey.SpriteKitMotionBlur;
				PRODUCT_NAME = "$(TARGET_NAME)";
			};
			name = Release;
		};
/* End XCBuildConfiguration section */

/* Begin XCConfigurationList section */
		3E5BC38F1C649420005B4DEF /* Build configuration list for PBXProject "SpriteKitMotionBlur" */ = {
			isa = XCConfigurationList;
			buildConfigurations = (
				3E5BC3A41C649420005B4DEF /* Debug */,
				3E5BC3A51C649420005B4DEF /* Release */,
			);
			defaultConfigurationIsVisible = 0;
			defaultConfigurationName = Release;
		};
		3E5BC3A61C649420005B4DEF /* Build configuration list for PBXNativeTarget "SpriteKitMotionBlur" */ = {
			isa = XCConfigurationList;
			buildConfigurations = (
				3E5BC3A71C649420005B4DEF /* Debug */,
				3E5BC3A81C649420005B4DEF /* Release */,
			);
			defaultConfigurationIsVisible = 0;
		};
/* End XCConfigurationList section */
	};
	rootObject = 3E5BC38C1C649420005B4DEF /* Project object */;
}
